
Microsoft Visual Studio Solution File, Format Version 12.00
# Visual Studio Version 17
VisualStudioVersion = 17.0.31903.59
MinimumVisualStudioVersion = 10.0.40219.1
Project("{FAE04EC0-301F-11D3-BF4B-00C04F79EFBC}") = "Permissions", "Permissions\Permissions.csproj", "{6A47AA31-819D-4C36-9450-0A8FE72228BC}"
EndProject
Project("{FAE04EC0-301F-11D3-BF4B-00C04F79EFBC}") = "Permissions.Tests", "Permissions.Tests\Permissions.Tests.csproj", "{AE850B81-E862-4411-AEFB-AA80F029C6BB}"
EndProject
Project("{2150E333-8FDC-42A3-9474-1A3956D46DE8}") = "Solution Files", "Solution Files", "{4B6FAF28-7FCD-4EBC-A674-E6284AB9CB95}"
	ProjectSection(SolutionItems) = preProject
		.editorconfig = .editorconfig
		.gitignore = .gitignore
		global.json = global.json
		LICENSE = LICENSE
		README.md = README.md
	EndProjectSection
EndProject
Global
	GlobalSection(SolutionConfigurationPlatforms) = preSolution
		Debug|Any CPU = Debug|Any CPU
		Release|Any CPU = Release|Any CPU
	EndGlobalSection
	GlobalSection(SolutionProperties) = preSolution
		HideSolutionNode = FALSE
	EndGlobalSection
	GlobalSection(ProjectConfigurationPlatforms) = postSolution
		{6A47AA31-819D-4C36-9450-0A8FE72228BC}.Debug|Any CPU.ActiveCfg = Debug|Any CPU
		{6A47AA31-819D-4C36-9450-0A8FE72228BC}.Debug|Any CPU.Build.0 = Debug|Any CPU
		{6A47AA31-819D-4C36-9450-0A8FE72228BC}.Release|Any CPU.ActiveCfg = Release|Any CPU
		{6A47AA31-819D-4C36-9450-0A8FE72228BC}.Release|Any CPU.Build.0 = Release|Any CPU
		{AE850B81-E862-4411-AEFB-AA80F029C6BB}.Debug|Any CPU.ActiveCfg = Debug|Any CPU
		{AE850B81-E862-4411-AEFB-AA80F029C6BB}.Debug|Any CPU.Build.0 = Debug|Any CPU
		{AE850B81-E862-4411-AEFB-AA80F029C6BB}.Release|Any CPU.ActiveCfg = Release|Any CPU
		{AE850B81-E862-4411-AEFB-AA80F029C6BB}.Release|Any CPU.Build.0 = Release|Any CPU
	EndGlobalSection
EndGlobal
